
Microsoft Visual Studio Solution File, Format Version 12.00
# Visual Studio Version 17
VisualStudioVersion = 17.5.002.0
MinimumVisualStudioVersion = 10.0.40219.1
Project("{2150E333-8FDC-42A3-9474-1A3956D46DE8}") = "server", "server", "{8E016B88-1C5C-472A-80E4-9385BA4C3957}"
EndProject
Project("{9A19103F-16F7-4668-BE54-9A1E7A4F7556}") = "webapi", "server\webapi\webapi.csproj", "{2C2FB507-A711-4BB7-A594-EC9710AE52A1}"
EndProject
Global
	GlobalSection(SolutionConfigurationPlatforms) = preSolution
		Debug|Any CPU = Debug|Any CPU
		Release|Any CPU = Release|Any CPU
	EndGlobalSection
	GlobalSection(ProjectConfigurationPlatforms) = postSolution
		{2C2FB507-A711-4BB7-A594-EC9710AE52A1}.Debug|Any CPU.ActiveCfg = Debug|Any CPU
		{2C2FB507-A711-4BB7-A594-EC9710AE52A1}.Debug|Any CPU.Build.0 = Debug|Any CPU
		{2C2FB507-A711-4BB7-A594-EC9710AE52A1}.Release|Any CPU.ActiveCfg = Release|Any CPU
		{2C2FB507-A711-4BB7-A594-EC9710AE52A1}.Release|Any CPU.Build.0 = Release|Any CPU
	EndGlobalSection
	GlobalSection(SolutionProperties) = preSolution
		HideSolutionNode = FALSE
	EndGlobalSection
	GlobalSection(NestedProjects) = preSolution
		{2C2FB507-A711-4BB7-A594-EC9710AE52A1} = {8E016B88-1C5C-472A-80E4-9385BA4C3957}
	EndGlobalSection
	GlobalSection(ExtensibilityGlobals) = postSolution
		SolutionGuid = {17A1D0D2-7EA3-49A8-BAA1-3B795517ACA2}
	EndGlobalSection
EndGlobal
